
Microsoft Visual Studio Solution File, Format Version 12.00
# Visual Studio Version 16
VisualStudioVersion = 16.0.31702.278
MinimumVisualStudioVersion = 10.0.40219.1
Project("{FAE04EC0-301F-11D3-BF4B-00C04F79EFBC}") = "obligatoriskOpgave1 Football", "obligatoriskOpgave1 Football\obligatoriskOpgave1 Football.csproj", "{22172D31-6731-4BE9-B85A-E34E7E8A6268}"
EndProject
Project("{FAE04EC0-301F-11D3-BF4B-00C04F79EFBC}") = "FootBallTests", "FootBallTests\FootBallTests.csproj", "{DCDA17FB-E080-460E-9AEB-DECD2554DE35}"
EndProject
Project("{FAE04EC0-301F-11D3-BF4B-00C04F79EFBC}") = "Football REST", "Football REST\Football REST.csproj", "{FD1E3599-2C12-4F64-8FC6-5DDD18597B5A}"
EndProject
Global
	GlobalSection(SolutionConfigurationPlatforms) = preSolution
		Debug|Any CPU = Debug|Any CPU
		Release|Any CPU = Release|Any CPU
	EndGlobalSection
	GlobalSection(ProjectConfigurationPlatforms) = postSolution
		{22172D31-6731-4BE9-B85A-E34E7E8A6268}.Debug|Any CPU.ActiveCfg = Debug|Any CPU
		{22172D31-6731-4BE9-B85A-E34E7E8A6268}.Debug|Any CPU.Build.0 = Debug|Any CPU
		{22172D31-6731-4BE9-B85A-E34E7E8A6268}.Release|Any CPU.ActiveCfg = Release|Any CPU
		{22172D31-6731-4BE9-B85A-E34E7E8A6268}.Release|Any CPU.Build.0 = Release|Any CPU
		{DCDA17FB-E080-460E-9AEB-DECD2554DE35}.Debug|Any CPU.ActiveCfg = Debug|Any CPU
		{DCDA17FB-E080-460E-9AEB-DECD2554DE35}.Debug|Any CPU.Build.0 = Debug|Any CPU
		{DCDA17FB-E080-460E-9AEB-DECD2554DE35}.Release|Any CPU.ActiveCfg = Release|Any CPU
		{DCDA17FB-E080-460E-9AEB-DECD2554DE35}.Release|Any CPU.Build.0 = Release|Any CPU
		{FD1E3599-2C12-4F64-8FC6-5DDD18597B5A}.Debug|Any CPU.ActiveCfg = Debug|Any CPU
		{FD1E3599-2C12-4F64-8FC6-5DDD18597B5A}.Debug|Any CPU.Build.0 = Debug|Any CPU
		{FD1E3599-2C12-4F64-8FC6-5DDD18597B5A}.Release|Any CPU.ActiveCfg = Release|Any CPU
		{FD1E3599-2C12-4F64-8FC6-5DDD18597B5A}.Release|Any CPU.Build.0 = Release|Any CPU
	EndGlobalSection
	GlobalSection(SolutionProperties) = preSolution
		HideSolutionNode = FALSE
	EndGlobalSection
	GlobalSection(ExtensibilityGlobals) = postSolution
		SolutionGuid = {B42148AA-7359-4279-86A2-AFA55553A9BE}
	EndGlobalSection
EndGlobal
